
Microsoft Visual Studio Solution File, Format Version 12.00
# Visual Studio 2015
Project("{FAE04EC0-301F-11D3-BF4B-00C04F79EFBC}") = "followFinger", "followFinger.csproj", "{47A69822-DC15-B5F2-E9A3-2EB208536EE5}"
EndProject
Project("{FAE04EC0-301F-11D3-BF4B-00C04F79EFBC}") = "followFinger.Editor", "followFinger.Editor.csproj", "{5ABF811E-48F8-A392-A9EE-E11B98F2466F}"
EndProject
Global
	GlobalSection(SolutionConfigurationPlatforms) = preSolution
		Debug|Any CPU = Debug|Any CPU
		Release|Any CPU = Release|Any CPU
	EndGlobalSection
	GlobalSection(ProjectConfigurationPlatforms) = postSolution
		{47A69822-DC15-B5F2-E9A3-2EB208536EE5}.Debug|Any CPU.ActiveCfg = Debug|Any CPU
		{47A69822-DC15-B5F2-E9A3-2EB208536EE5}.Debug|Any CPU.Build.0 = Debug|Any CPU
		{47A69822-DC15-B5F2-E9A3-2EB208536EE5}.Release|Any CPU.ActiveCfg = Release|Any CPU
		{47A69822-DC15-B5F2-E9A3-2EB208536EE5}.Release|Any CPU.Build.0 = Release|Any CPU
		{5ABF811E-48F8-A392-A9EE-E11B98F2466F}.Debug|Any CPU.ActiveCfg = Debug|Any CPU
		{5ABF811E-48F8-A392-A9EE-E11B98F2466F}.Debug|Any CPU.Build.0 = Debug|Any CPU
		{5ABF811E-48F8-A392-A9EE-E11B98F2466F}.Release|Any CPU.ActiveCfg = Release|Any CPU
		{5ABF811E-48F8-A392-A9EE-E11B98F2466F}.Release|Any CPU.Build.0 = Release|Any CPU
	EndGlobalSection
	GlobalSection(SolutionProperties) = preSolution
		HideSolutionNode = FALSE
	EndGlobalSection
EndGlobal
